
Microsoft Visual Studio Solution File, Format Version 12.00
# Visual Studio Version 17
VisualStudioVersion = 17.0.31903.59
MinimumVisualStudioVersion = 10.0.40219.1
Project("{FAE04EC0-301F-11D3-BF4B-00C04F79EFBC}") = "ApartManager", "ApartManager\ApartManager.csproj", "{9A812EC3-1539-43B5-8DD7-11EC81B8CBC5}"
EndProject
Project("{FAE04EC0-301F-11D3-BF4B-00C04F79EFBC}") = "LibrarieModele", "LibrarieModele\LibrarieModele.csproj", "{1E37A2DA-DD41-4033-993E-AD8438F6E26E}"
EndProject
Project("{FAE04EC0-301F-11D3-BF4B-00C04F79EFBC}") = "NivelStocareDate", "NivelStocareDate\NivelStocareDate.csproj", "{DA884009-EDEE-4F3C-B049-D575ED9FFB15}"
EndProject
Project("{FAE04EC0-301F-11D3-BF4B-00C04F79EFBC}") = "NivelUIWPF", "NivelUIWPF\NivelUIWPF.csproj", "{B7C61F44-3D2A-4F12-9E7C-2B9A11D5A4F1}"
EndProject
Global
	GlobalSection(SolutionConfigurationPlatforms) = preSolution
		Debug|Any CPU = Debug|Any CPU
		Debug|x64 = Debug|x64
		Debug|x86 = Debug|x86
		Release|Any CPU = Release|Any CPU
		Release|x64 = Release|x64
		Release|x86 = Release|x86
	EndGlobalSection
	GlobalSection(ProjectConfigurationPlatforms) = postSolution
		{9A812EC3-1539-43B5-8DD7-11EC81B8CBC5}.Debug|Any CPU.ActiveCfg = Debug|Any CPU
		{9A812EC3-1539-43B5-8DD7-11EC81B8CBC5}.Debug|Any CPU.Build.0 = Debug|Any CPU
		{9A812EC3-1539-43B5-8DD7-11EC81B8CBC5}.Debug|x64.ActiveCfg = Debug|Any CPU
		{9A812EC3-1539-43B5-8DD7-11EC81B8CBC5}.Debug|x64.Build.0 = Debug|Any CPU
		{9A812EC3-1539-43B5-8DD7-11EC81B8CBC5}.Debug|x86.ActiveCfg = Debug|Any CPU
		{9A812EC3-1539-43B5-8DD7-11EC81B8CBC5}.Debug|x86.Build.0 = Debug|Any CPU
		{9A812EC3-1539-43B5-8DD7-11EC81B8CBC5}.Release|Any CPU.ActiveCfg = Release|Any CPU
		{9A812EC3-1539-43B5-8DD7-11EC81B8CBC5}.Release|Any CPU.Build.0 = Release|Any CPU
		{9A812EC3-1539-43B5-8DD7-11EC81B8CBC5}.Release|x64.ActiveCfg = Release|Any CPU
		{9A812EC3-1539-43B5-8DD7-11EC81B8CBC5}.Release|x64.Build.0 = Release|Any CPU
		{9A812EC3-1539-43B5-8DD7-11EC81B8CBC5}.Release|x86.ActiveCfg = Release|Any CPU
		{9A812EC3-1539-43B5-8DD7-11EC81B8CBC5}.Release|x86.Build.0 = Release|Any CPU
		{1E37A2DA-DD41-4033-993E-AD8438F6E26E}.Debug|Any CPU.ActiveCfg = Debug|Any CPU
		{1E37A2DA-DD41-4033-993E-AD8438F6E26E}.Debug|Any CPU.Build.0 = Debug|Any CPU
		{1E37A2DA-DD41-4033-993E-AD8438F6E26E}.Debug|x64.ActiveCfg = Debug|Any CPU
		{1E37A2DA-DD41-4033-993E-AD8438F6E26E}.Debug|x64.Build.0 = Debug|Any CPU
		{1E37A2DA-DD41-4033-993E-AD8438F6E26E}.Debug|x86.ActiveCfg = Debug|Any CPU
		{1E37A2DA-DD41-4033-993E-AD8438F6E26E}.Debug|x86.Build.0 = Debug|Any CPU
		{1E37A2DA-DD41-4033-993E-AD8438F6E26E}.Release|Any CPU.ActiveCfg = Release|Any CPU
		{1E37A2DA-DD41-4033-993E-AD8438F6E26E}.Release|Any CPU.Build.0 = Release|Any CPU
		{1E37A2DA-DD41-4033-993E-AD8438F6E26E}.Release|x64.ActiveCfg = Release|Any CPU
		{1E37A2DA-DD41-4033-993E-AD8438F6E26E}.Release|x64.Build.0 = Release|Any CPU
		{1E37A2DA-DD41-4033-993E-AD8438F6E26E}.Release|x86.ActiveCfg = Release|Any CPU
		{1E37A2DA-DD41-4033-993E-AD8438F6E26E}.Release|x86.Build.0 = Release|Any CPU
		{DA884009-EDEE-4F3C-B049-D575ED9FFB15}.Debug|Any CPU.ActiveCfg = Debug|Any CPU
		{DA884009-EDEE-4F3C-B049-D575ED9FFB15}.Debug|Any CPU.Build.0 = Debug|Any CPU
		{DA884009-EDEE-4F3C-B049-D575ED9FFB15}.Debug|x64.ActiveCfg = Debug|Any CPU
		{DA884009-EDEE-4F3C-B049-D575ED9FFB15}.Debug|x64.Build.0 = Debug|Any CPU
		{DA884009-EDEE-4F3C-B049-D575ED9FFB15}.Debug|x86.ActiveCfg = Debug|Any CPU
		{DA884009-EDEE-4F3C-B049-D575ED9FFB15}.Debug|x86.Build.0 = Debug|Any CPU
		{DA884009-EDEE-4F3C-B049-D575ED9FFB15}.Release|Any CPU.ActiveCfg = Release|Any CPU
		{DA884009-EDEE-4F3C-B049-D575ED9FFB15}.Release|Any CPU.Build.0 = Release|Any CPU
		{DA884009-EDEE-4F3C-B049-D575ED9FFB15}.Release|x64.ActiveCfg = Release|Any CPU
		{DA884009-EDEE-4F3C-B049-D575ED9FFB15}.Release|x64.Build.0 = Release|Any CPU
		{DA884009-EDEE-4F3C-B049-D575ED9FFB15}.Release|x86.ActiveCfg = Release|Any CPU
		{DA884009-EDEE-4F3C-B049-D575ED9FFB15}.Release|x86.Build.0 = Release|Any CPU
		{B7C61F44-3D2A-4F12-9E7C-2B9A11D5A4F1}.Debug|Any CPU.ActiveCfg = Debug|Any CPU
		{B7C61F44-3D2A-4F12-9E7C-2B9A11D5A4F1}.Debug|Any CPU.Build.0 = Debug|Any CPU
		{B7C61F44-3D2A-4F12-9E7C-2B9A11D5A4F1}.Debug|x64.ActiveCfg = Debug|Any CPU
		{B7C61F44-3D2A-4F12-9E7C-2B9A11D5A4F1}.Debug|x64.Build.0 = Debug|Any CPU
		{B7C61F44-3D2A-4F12-9E7C-2B9A11D5A4F1}.Debug|x86.ActiveCfg = Debug|Any CPU
		{B7C61F44-3D2A-4F12-9E7C-2B9A11D5A4F1}.Debug|x86.Build.0 = Debug|Any CPU
		{B7C61F44-3D2A-4F12-9E7C-2B9A11D5A4F1}.Release|Any CPU.ActiveCfg = Release|Any CPU
		{B7C61F44-3D2A-4F12-9E7C-2B9A11D5A4F1}.Release|Any CPU.Build.0 = Release|Any CPU
		{B7C61F44-3D2A-4F12-9E7C-2B9A11D5A4F1}.Release|x64.ActiveCfg = Release|Any CPU
		{B7C61F44-3D2A-4F12-9E7C-2B9A11D5A4F1}.Release|x64.Build.0 = Release|Any CPU
		{B7C61F44-3D2A-4F12-9E7C-2B9A11D5A4F1}.Release|x86.ActiveCfg = Release|Any CPU
		{B7C61F44-3D2A-4F12-9E7C-2B9A11D5A4F1}.Release|x86.Build.0 = Release|Any CPU
	EndGlobalSection
	GlobalSection(SolutionProperties) = preSolution
		HideSolutionNode = FALSE
	EndGlobalSection
EndGlobal
